// !$*UTF8*$!
{
	archiveVersion = 1;
	classes = {
	};
	objectVersion = 56;
	objects = {

/* Begin PBXBuildFile section */
		ED69F6B729A3EF7000FC4E75 /* AppDelegate.swift in Sources */ = {isa = PBXBuildFile; fileRef = ED69F6B629A3EF7000FC4E75 /* AppDelegate.swift */; };
		ED69F6B929A3EF7000FC4E75 /* SceneDelegate.swift in Sources */ = {isa = PBXBuildFile; fileRef = ED69F6B829A3EF7000FC4E75 /* SceneDelegate.swift */; };
		ED69F6C029A3EF7100FC4E75 /* Assets.xcassets in Resources */ = {isa = PBXBuildFile; fileRef = ED69F6BF29A3EF7100FC4E75 /* Assets.xcassets */; };
		ED69F6C329A3EF7100FC4E75 /* LaunchScreen.storyboard in Resources */ = {isa = PBXBuildFile; fileRef = ED69F6C129A3EF7100FC4E75 /* LaunchScreen.storyboard */; };
		ED69F6CE29A3F00800FC4E75 /* OnboardingViewController.swift in Sources */ = {isa = PBXBuildFile; fileRef = ED69F6CD29A3F00800FC4E75 /* OnboardingViewController.swift */; };
		ED69F6D529A3F2FF00FC4E75 /* 125704-blue-loading.json in Resources */ = {isa = PBXBuildFile; fileRef = ED69F6D229A3F2FF00FC4E75 /* 125704-blue-loading.json */; };
		ED69F6D629A3F2FF00FC4E75 /* 137268-dancing-book.json in Resources */ = {isa = PBXBuildFile; fileRef = ED69F6D329A3F2FF00FC4E75 /* 137268-dancing-book.json */; };
		ED69F6D729A3F2FF00FC4E75 /* 133887-prelouder-chasy.json in Resources */ = {isa = PBXBuildFile; fileRef = ED69F6D429A3F2FF00FC4E75 /* 133887-prelouder-chasy.json */; };
		ED69F6D929A3F37A00FC4E75 /* OnboardingView.swift in Sources */ = {isa = PBXBuildFile; fileRef = ED69F6D829A3F37A00FC4E75 /* OnboardingView.swift */; };
		ED69F6DB29A3F4CD00FC4E75 /* OnboardingViewModel.swift in Sources */ = {isa = PBXBuildFile; fileRef = ED69F6DA29A3F4CD00FC4E75 /* OnboardingViewModel.swift */; };
		ED69F6E129A4228500FC4E75 /* CollectionViewCell.swift in Sources */ = {isa = PBXBuildFile; fileRef = ED69F6E029A4228500FC4E75 /* CollectionViewCell.swift */; };
/* End PBXBuildFile section */

/* Begin PBXFileReference section */
		ED69F6B329A3EF7000FC4E75 /* OnboardingApp.app */ = {isa = PBXFileReference; explicitFileType = wrapper.application; includeInIndex = 0; path = OnboardingApp.app; sourceTree = BUILT_PRODUCTS_DIR; };
		ED69F6B629A3EF7000FC4E75 /* AppDelegate.swift */ = {isa = PBXFileReference; lastKnownFileType = sourcecode.swift; path = AppDelegate.swift; sourceTree = "<group>"; };
		ED69F6B829A3EF7000FC4E75 /* SceneDelegate.swift */ = {isa = PBXFileReference; lastKnownFileType = sourcecode.swift; path = SceneDelegate.swift; sourceTree = "<group>"; };
		ED69F6BF29A3EF7100FC4E75 /* Assets.xcassets */ = {isa = PBXFileReference; lastKnownFileType = folder.assetcatalog; path = Assets.xcassets; sourceTree = "<group>"; };
		ED69F6C229A3EF7100FC4E75 /* Base */ = {isa = PBXFileReference; lastKnownFileType = file.storyboard; name = Base; path = Base.lproj/LaunchScreen.storyboard; sourceTree = "<group>"; };
		ED69F6C429A3EF7100FC4E75 /* Info.plist */ = {isa = PBXFileReference; lastKnownFileType = text.plist.xml; path = Info.plist; sourceTree = "<group>"; };
		ED69F6CD29A3F00800FC4E75 /* OnboardingViewController.swift */ = {isa = PBXFileReference; lastKnownFileType = sourcecode.swift; path = OnboardingViewController.swift; sourceTree = "<group>"; };
		ED69F6D229A3F2FF00FC4E75 /* 125704-blue-loading.json */ = {isa = PBXFileReference; fileEncoding = 4; lastKnownFileType = text.json; path = "125704-blue-loading.json"; sourceTree = "<group>"; };
		ED69F6D329A3F2FF00FC4E75 /* 137268-dancing-book.json */ = {isa = PBXFileReference; fileEncoding = 4; lastKnownFileType = text.json; path = "137268-dancing-book.json"; sourceTree = "<group>"; };
		ED69F6D429A3F2FF00FC4E75 /* 133887-prelouder-chasy.json */ = {isa = PBXFileReference; fileEncoding = 4; lastKnownFileType = text.json; path = "133887-prelouder-chasy.json"; sourceTree = "<group>"; };
		ED69F6D829A3F37A00FC4E75 /* OnboardingView.swift */ = {isa = PBXFileReference; lastKnownFileType = sourcecode.swift; path = OnboardingView.swift; sourceTree = "<group>"; };
		ED69F6DA29A3F4CD00FC4E75 /* OnboardingViewModel.swift */ = {isa = PBXFileReference; lastKnownFileType = sourcecode.swift; path = OnboardingViewModel.swift; sourceTree = "<group>"; };
		ED69F6E029A4228500FC4E75 /* CollectionViewCell.swift */ = {isa = PBXFileReference; lastKnownFileType = sourcecode.swift; path = CollectionViewCell.swift; sourceTree = "<group>"; };
/* End PBXFileReference section */

/* Begin PBXFrameworksBuildPhase section */
		ED69F6B029A3EF7000FC4E75 /* Frameworks */ = {
			isa = PBXFrameworksBuildPhase;
			buildActionMask = 2147483647;
			files = (
			);
			runOnlyForDeploymentPostprocessing = 0;
		};
/* End PBXFrameworksBuildPhase section */

/* Begin PBXGroup section */
		ED69F6AA29A3EF7000FC4E75 = {
			isa = PBXGroup;
			children = (
				ED69F6B529A3EF7000FC4E75 /* OnboardingApp */,
				ED69F6B429A3EF7000FC4E75 /* Products */,
			);
			sourceTree = "<group>";
		};
		ED69F6B429A3EF7000FC4E75 /* Products */ = {
			isa = PBXGroup;
			children = (
				ED69F6B329A3EF7000FC4E75 /* OnboardingApp.app */,
			);
			name = Products;
			sourceTree = "<group>";
		};
		ED69F6B529A3EF7000FC4E75 /* OnboardingApp */ = {
			isa = PBXGroup;
			children = (
				ED69F6DC29A3F74600FC4E75 /* Model */,
				ED69F6D129A3F2EA00FC4E75 /* Lotties */,
				ED69F6D029A3F29900FC4E75 /* ViewModel */,
				ED69F6CF29A3F28A00FC4E75 /* View */,
				ED69F6CC29A3EFF700FC4E75 /* Controllers */,
				ED69F6CA29A3EF9B00FC4E75 /* Resources */,
				ED69F6CB29A3EFA900FC4E75 /* Files */,
			);
			path = OnboardingApp;
			sourceTree = "<group>";
		};
		ED69F6CA29A3EF9B00FC4E75 /* Resources */ = {
			isa = PBXGroup;
			children = (
				ED69F6B629A3EF7000FC4E75 /* AppDelegate.swift */,
				ED69F6B829A3EF7000FC4E75 /* SceneDelegate.swift */,
			);
			path = Resources;
			sourceTree = "<group>";
		};
		ED69F6CB29A3EFA900FC4E75 /* Files */ = {
			isa = PBXGroup;
			children = (
				ED69F6BF29A3EF7100FC4E75 /* Assets.xcassets */,
				ED69F6C129A3EF7100FC4E75 /* LaunchScreen.storyboard */,
				ED69F6C429A3EF7100FC4E75 /* Info.plist */,
			);
			name = Files;
			sourceTree = "<group>";
		};
		ED69F6CC29A3EFF700FC4E75 /* Controllers */ = {
			isa = PBXGroup;
			children = (
				ED69F6CD29A3F00800FC4E75 /* OnboardingViewController.swift */,
			);
			path = Controllers;
			sourceTree = "<group>";
		};
		ED69F6CF29A3F28A00FC4E75 /* View */ = {
			isa = PBXGroup;
			children = (
				ED69F6DD29A3FF6A00FC4E75 /* Cell */,
				ED69F6D829A3F37A00FC4E75 /* OnboardingView.swift */,
			);
			path = View;
			sourceTree = "<group>";
		};
		ED69F6D029A3F29900FC4E75 /* ViewModel */ = {
			isa = PBXGroup;
			children = (
				ED69F6DA29A3F4CD00FC4E75 /* OnboardingViewModel.swift */,
			);
			path = ViewModel;
			sourceTree = "<group>";
		};
		ED69F6D129A3F2EA00FC4E75 /* Lotties */ = {
			isa = PBXGroup;
			children = (
				ED69F6D229A3F2FF00FC4E75 /* 125704-blue-loading.json */,
				ED69F6D429A3F2FF00FC4E75 /* 133887-prelouder-chasy.json */,
				ED69F6D329A3F2FF00FC4E75 /* 137268-dancing-book.json */,
			);
			path = Lotties;
			sourceTree = "<group>";
		};
		ED69F6DC29A3F74600FC4E75 /* Model */ = {
			isa = PBXGroup;
			children = (
			);
			path = Model;
			sourceTree = "<group>";
		};
		ED69F6DD29A3FF6A00FC4E75 /* Cell */ = {
			isa = PBXGroup;
			children = (
				ED69F6E029A4228500FC4E75 /* CollectionViewCell.swift */,
			);
			path = Cell;
			sourceTree = "<group>";
		};
/* End PBXGroup section */

/* Begin PBXNativeTarget section */
		ED69F6B229A3EF7000FC4E75 /* OnboardingApp */ = {
			isa = PBXNativeTarget;
			buildConfigurationList = ED69F6C729A3EF7100FC4E75 /* Build configuration list for PBXNativeTarget "OnboardingApp" */;
			buildPhases = (
				ED69F6AF29A3EF7000FC4E75 /* Sources */,
				ED69F6B029A3EF7000FC4E75 /* Frameworks */,
				ED69F6B129A3EF7000FC4E75 /* Resources */,
			);
			buildRules = (
			);
			dependencies = (
			);
			name = OnboardingApp;
			productName = OnboardingApp;
			productReference = ED69F6B329A3EF7000FC4E75 /* OnboardingApp.app */;
			productType = "com.apple.product-type.application";
		};
/* End PBXNativeTarget section */

/* Begin PBXProject section */
		ED69F6AB29A3EF7000FC4E75 /* Project object */ = {
			isa = PBXProject;
			attributes = {
				BuildIndependentTargetsInParallel = 1;
				LastSwiftUpdateCheck = 1410;
				LastUpgradeCheck = 1410;
				TargetAttributes = {
					ED69F6B229A3EF7000FC4E75 = {
						CreatedOnToolsVersion = 14.1;
					};
				};
			};
			buildConfigurationList = ED69F6AE29A3EF7000FC4E75 /* Build configuration list for PBXProject "OnboardingApp" */;
			compatibilityVersion = "Xcode 14.0";
			developmentRegion = en;
			hasScannedForEncodings = 0;
			knownRegions = (
				en,
				Base,
			);
			mainGroup = ED69F6AA29A3EF7000FC4E75;
			productRefGroup = ED69F6B429A3EF7000FC4E75 /* Products */;
			projectDirPath = "";
			projectRoot = "";
			targets = (
				ED69F6B229A3EF7000FC4E75 /* OnboardingApp */,
			);
		};
/* End PBXProject section */

/* Begin PBXResourcesBuildPhase section */
		ED69F6B129A3EF7000FC4E75 /* Resources */ = {
			isa = PBXResourcesBuildPhase;
			buildActionMask = 2147483647;
			files = (
				ED69F6D629A3F2FF00FC4E75 /* 137268-dancing-book.json in Resources */,
				ED69F6C329A3EF7100FC4E75 /* LaunchScreen.storyboard in Resources */,
				ED69F6C029A3EF7100FC4E75 /* Assets.xcassets in Resources */,
				ED69F6D529A3F2FF00FC4E75 /* 125704-blue-loading.json in Resources */,
				ED69F6D729A3F2FF00FC4E75 /* 133887-prelouder-chasy.json in Resources */,
			);
			runOnlyForDeploymentPostprocessing = 0;
		};
/* End PBXResourcesBuildPhase section */

/* Begin PBXSourcesBuildPhase section */
		ED69F6AF29A3EF7000FC4E75 /* Sources */ = {
			isa = PBXSourcesBuildPhase;
			buildActionMask = 2147483647;
			files = (
				ED69F6DB29A3F4CD00FC4E75 /* OnboardingViewModel.swift in Sources */,
				ED69F6B729A3EF7000FC4E75 /* AppDelegate.swift in Sources */,
				ED69F6E129A4228500FC4E75 /* CollectionViewCell.swift in Sources */,
				ED69F6D929A3F37A00FC4E75 /* OnboardingView.swift in Sources */,
				ED69F6CE29A3F00800FC4E75 /* OnboardingViewController.swift in Sources */,
				ED69F6B929A3EF7000FC4E75 /* SceneDelegate.swift in Sources */,
			);
			runOnlyForDeploymentPostprocessing = 0;
		};
/* End PBXSourcesBuildPhase section */

/* Begin PBXVariantGroup section */
		ED69F6C129A3EF7100FC4E75 /* LaunchScreen.storyboard */ = {
			isa = PBXVariantGroup;
			children = (
				ED69F6C229A3EF7100FC4E75 /* Base */,
			);
			name = LaunchScreen.storyboard;
			sourceTree = "<group>";
		};
/* End PBXVariantGroup section */

/* Begin XCBuildConfiguration section */
		ED69F6C529A3EF7100FC4E75 /* Debug */ = {
			isa = XCBuildConfiguration;
			buildSettings = {
				ALWAYS_SEARCH_USER_PATHS = NO;
				CLANG_ANALYZER_NONNULL = YES;
				CLANG_ANALYZER_NUMBER_OBJECT_CONVERSION = YES_AGGRESSIVE;
				CLANG_CXX_LANGUAGE_STANDARD = "gnu++20";
				CLANG_ENABLE_MODULES = YES;
				CLANG_ENABLE_OBJC_ARC = YES;
				CLANG_ENABLE_OBJC_WEAK = YES;
				CLANG_WARN_BLOCK_CAPTURE_AUTORELEASING = YES;
				CLANG_WARN_BOOL_CONVERSION = YES;
				CLANG_WARN_COMMA = YES;
				CLANG_WARN_CONSTANT_CONVERSION = YES;
				CLANG_WARN_DEPRECATED_OBJC_IMPLEMENTATIONS = YES;
				CLANG_WARN_DIRECT_OBJC_ISA_USAGE = YES_ERROR;
				CLANG_WARN_DOCUMENTATION_COMMENTS = YES;
				CLANG_WARN_EMPTY_BODY = YES;
				CLANG_WARN_ENUM_CONVERSION = YES;
				CLANG_WARN_INFINITE_RECURSION = YES;
				CLANG_WARN_INT_CONVERSION = YES;
				CLANG_WARN_NON_LITERAL_NULL_CONVERSION = YES;
				CLANG_WARN_OBJC_IMPLICIT_RETAIN_SELF = YES;
				CLANG_WARN_OBJC_LITERAL_CONVERSION = YES;
				CLANG_WARN_OBJC_ROOT_CLASS = YES_ERROR;
				CLANG_WARN_QUOTED_INCLUDE_IN_FRAMEWORK_HEADER = YES;
				CLANG_WARN_RANGE_LOOP_ANALYSIS = YES;
				CLANG_WARN_STRICT_PROTOTYPES = YES;
				CLANG_WARN_SUSPICIOUS_MOVE = YES;
				CLANG_WARN_UNGUARDED_AVAILABILITY = YES_AGGRESSIVE;
				CLANG_WARN_UNREACHABLE_CODE = YES;
				CLANG_WARN__DUPLICATE_METHOD_MATCH = YES;
				COPY_PHASE_STRIP = NO;
				DEBUG_INFORMATION_FORMAT = dwarf;
				ENABLE_STRICT_OBJC_MSGSEND = YES;
				ENABLE_TESTABILITY = YES;
				GCC_C_LANGUAGE_STANDARD = gnu11;
				GCC_DYNAMIC_NO_PIC = NO;
				GCC_NO_COMMON_BLOCKS = YES;
				GCC_OPTIMIZATION_LEVEL = 0;
				GCC_PREPROCESSOR_DEFINITIONS = (
					"DEBUG=1",
					"$(inherited)",
				);
				GCC_WARN_64_TO_32_BIT_CONVERSION = YES;
				GCC_WARN_ABOUT_RETURN_TYPE = YES_ERROR;
				GCC_WARN_UNDECLARED_SELECTOR = YES;
				GCC_WARN_UNINITIALIZED_AUTOS = YES_AGGRESSIVE;
				GCC_WARN_UNUSED_FUNCTION = YES;
				GCC_WARN_UNUSED_VARIABLE = YES;
				IPHONEOS_DEPLOYMENT_TARGET = 16.1;
				MTL_ENABLE_DEBUG_INFO = INCLUDE_SOURCE;
				MTL_FAST_MATH = YES;
				ONLY_ACTIVE_ARCH = YES;
				SDKROOT = iphoneos;
				SWIFT_ACTIVE_COMPILATION_CONDITIONS = DEBUG;
				SWIFT_OPTIMIZATION_LEVEL = "-Onone";
			};
			name = Debug;
		};
		ED69F6C629A3EF7100FC4E75 /* Release */ = {
			isa = XCBuildConfiguration;
			buildSettings = {
				ALWAYS_SEARCH_USER_PATHS = NO;
				CLANG_ANALYZER_NONNULL = YES;
				CLANG_ANALYZER_NUMBER_OBJECT_CONVERSION = YES_AGGRESSIVE;
				CLANG_CXX_LANGUAGE_STANDARD = "gnu++20";
				CLANG_ENABLE_MODULES = YES;
				CLANG_ENABLE_OBJC_ARC = YES;
				CLANG_ENABLE_OBJC_WEAK = YES;
				CLANG_WARN_BLOCK_CAPTURE_AUTORELEASING = YES;
				CLANG_WARN_BOOL_CONVERSION = YES;
				CLANG_WARN_COMMA = YES;
				CLANG_WARN_CONSTANT_CONVERSION = YES;
				CLANG_WARN_DEPRECATED_OBJC_IMPLEMENTATIONS = YES;
				CLANG_WARN_DIRECT_OBJC_ISA_USAGE = YES_ERROR;
				CLANG_WARN_DOCUMENTATION_COMMENTS = YES;
				CLANG_WARN_EMPTY_BODY = YES;
				CLANG_WARN_ENUM_CONVERSION = YES;
				CLANG_WARN_INFINITE_RECURSION = YES;
				CLANG_WARN_INT_CONVERSION = YES;
				CLANG_WARN_NON_LITERAL_NULL_CONVERSION = YES;
				CLANG_WARN_OBJC_IMPLICIT_RETAIN_SELF = YES;
				CLANG_WARN_OBJC_LITERAL_CONVERSION = YES;
				CLANG_WARN_OBJC_ROOT_CLASS = YES_ERROR;
				CLANG_WARN_QUOTED_INCLUDE_IN_FRAMEWORK_HEADER = YES;
				CLANG_WARN_RANGE_LOOP_ANALYSIS = YES;
				CLANG_WARN_STRICT_PROTOTYPES = YES;
				CLANG_WARN_SUSPICIOUS_MOVE = YES;
				CLANG_WARN_UNGUARDED_AVAILABILITY = YES_AGGRESSIVE;
				CLANG_WARN_UNREACHABLE_CODE = YES;
				CLANG_WARN__DUPLICATE_METHOD_MATCH = YES;
				COPY_PHASE_STRIP = NO;
				DEBUG_INFORMATION_FORMAT = "dwarf-with-dsym";
				ENABLE_NS_ASSERTIONS = NO;
				ENABLE_STRICT_OBJC_MSGSEND = YES;
				GCC_C_LANGUAGE_STANDARD = gnu11;
				GCC_NO_COMMON_BLOCKS = YES;
				GCC_WARN_64_TO_32_BIT_CONVERSION = YES;
				GCC_WARN_ABOUT_RETURN_TYPE = YES_ERROR;
				GCC_WARN_UNDECLARED_SELECTOR = YES;
				GCC_WARN_UNINITIALIZED_AUTOS = YES_AGGRESSIVE;
				GCC_WARN_UNUSED_FUNCTION = YES;
				GCC_WARN_UNUSED_VARIABLE = YES;
				IPHONEOS_DEPLOYMENT_TARGET = 16.1;
				MTL_ENABLE_DEBUG_INFO = NO;
				MTL_FAST_MATH = YES;
				SDKROOT = iphoneos;
				SWIFT_COMPILATION_MODE = wholemodule;
				SWIFT_OPTIMIZATION_LEVEL = "-O";
				VALIDATE_PRODUCT = YES;
			};
			name = Release;
		};
		ED69F6C829A3EF7100FC4E75 /* Debug */ = {
			isa = XCBuildConfiguration;
			buildSettings = {
				ASSETCATALOG_COMPILER_APPICON_NAME = AppIcon;
				ASSETCATALOG_COMPILER_GLOBAL_ACCENT_COLOR_NAME = AccentColor;
				CODE_SIGN_STYLE = Automatic;
				CURRENT_PROJECT_VERSION = 1;
				DEVELOPMENT_TEAM = 34R52V7T3Z;
				GENERATE_INFOPLIST_FILE = YES;
				INFOPLIST_FILE = OnboardingApp/Info.plist;
				INFOPLIST_KEY_UIApplicationSupportsIndirectInputEvents = YES;
				INFOPLIST_KEY_UILaunchStoryboardName = LaunchScreen;
				INFOPLIST_KEY_UISupportedInterfaceOrientations_iPad = "UIInterfaceOrientationPortrait UIInterfaceOrientationPortraitUpsideDown UIInterfaceOrientationLandscapeLeft UIInterfaceOrientationLandscapeRight";
				INFOPLIST_KEY_UISupportedInterfaceOrientations_iPhone = "UIInterfaceOrientationPortrait UIInterfaceOrientationLandscapeLeft UIInterfaceOrientationLandscapeRight";
				LD_RUNPATH_SEARCH_PATHS = (
					"$(inherited)",
					"@executable_path/Frameworks",
				);
				MARKETING_VERSION = 1.0;
				PRODUCT_BUNDLE_IDENTIFIER = com.mahmutsenbek.OnboardingApp;
				PRODUCT_NAME = "$(TARGET_NAME)";
				SWIFT_EMIT_LOC_STRINGS = YES;
				SWIFT_VERSION = 5.0;
				TARGETED_DEVICE_FAMILY = "1,2";
			};
			name = Debug;
		};
		ED69F6C929A3EF7100FC4E75 /* Release */ = {
			isa = XCBuildConfiguration;
			buildSettings = {
				ASSETCATALOG_COMPILER_APPICON_NAME = AppIcon;
				ASSETCATALOG_COMPILER_GLOBAL_ACCENT_COLOR_NAME = AccentColor;
				CODE_SIGN_STYLE = Automatic;
				CURRENT_PROJECT_VERSION = 1;
				DEVELOPMENT_TEAM = 34R52V7T3Z;
				GENERATE_INFOPLIST_FILE = YES;
				INFOPLIST_FILE = OnboardingApp/Info.plist;
				INFOPLIST_KEY_UIApplicationSupportsIndirectInputEvents = YES;
				INFOPLIST_KEY_UILaunchStoryboardName = LaunchScreen;
				INFOPLIST_KEY_UISupportedInterfaceOrientations_iPad = "UIInterfaceOrientationPortrait UIInterfaceOrientationPortraitUpsideDown UIInterfaceOrientationLandscapeLeft UIInterfaceOrientationLandscapeRight";
				INFOPLIST_KEY_UISupportedInterfaceOrientations_iPhone = "UIInterfaceOrientationPortrait UIInterfaceOrientationLandscapeLeft UIInterfaceOrientationLandscapeRight";
				LD_RUNPATH_SEARCH_PATHS = (
					"$(inherited)",
					"@executable_path/Frameworks",
				);
				MARKETING_VERSION = 1.0;
				PRODUCT_BUNDLE_IDENTIFIER = com.mahmutsenbek.OnboardingApp;
				PRODUCT_NAME = "$(TARGET_NAME)";
				SWIFT_EMIT_LOC_STRINGS = YES;
				SWIFT_VERSION = 5.0;
				TARGETED_DEVICE_FAMILY = "1,2";
			};
			name = Release;
		};
/* End XCBuildConfiguration section */

/* Begin XCConfigurationList section */
		ED69F6AE29A3EF7000FC4E75 /* Build configuration list for PBXProject "OnboardingApp" */ = {
			isa = XCConfigurationList;
			buildConfigurations = (
				ED69F6C529A3EF7100FC4E75 /* Debug */,
				ED69F6C629A3EF7100FC4E75 /* Release */,
			);
			defaultConfigurationIsVisible = 0;
			defaultConfigurationName = Release;
		};
		ED69F6C729A3EF7100FC4E75 /* Build configuration list for PBXNativeTarget "OnboardingApp" */ = {
			isa = XCConfigurationList;
			buildConfigurations = (
				ED69F6C829A3EF7100FC4E75 /* Debug */,
				ED69F6C929A3EF7100FC4E75 /* Release */,
			);
			defaultConfigurationIsVisible = 0;
			defaultConfigurationName = Release;
		};
/* End XCConfigurationList section */
	};
	rootObject = ED69F6AB29A3EF7000FC4E75 /* Project object */;
}
